
Microsoft Visual Studio Solution File, Format Version 12.00
# Visual Studio Version 17
VisualStudioVersion = 17.1.32210.238
MinimumVisualStudioVersion = 10.0.40219.1
Project("{FAE04EC0-301F-11D3-BF4B-00C04F79EFBC}") = "NetCoreSwaggerWebSiteAdditionExample", "NetCoreSwaggerWebSiteAdditionExample.csproj", "{FF0552F3-1603-4F8B-965B-6DDB6077DC92}"
EndProject
Global
	GlobalSection(SolutionConfigurationPlatforms) = preSolution
		Debug|Any CPU = Debug|Any CPU
		Release|Any CPU = Release|Any CPU
	EndGlobalSection
	GlobalSection(ProjectConfigurationPlatforms) = postSolution
		{FF0552F3-1603-4F8B-965B-6DDB6077DC92}.Debug|Any CPU.ActiveCfg = Debug|Any CPU
		{FF0552F3-1603-4F8B-965B-6DDB6077DC92}.Debug|Any CPU.Build.0 = Debug|Any CPU
		{FF0552F3-1603-4F8B-965B-6DDB6077DC92}.Release|Any CPU.ActiveCfg = Release|Any CPU
		{FF0552F3-1603-4F8B-965B-6DDB6077DC92}.Release|Any CPU.Build.0 = Release|Any CPU
	EndGlobalSection
	GlobalSection(SolutionProperties) = preSolution
		HideSolutionNode = FALSE
	EndGlobalSection
	GlobalSection(ExtensibilityGlobals) = postSolution
		SolutionGuid = {CB1DD51C-F5FE-4A77-9106-9A9DBB0A41E8}
	EndGlobalSection
EndGlobal
