
Microsoft Visual Studio Solution File, Format Version 12.00
# Visual Studio Version 17
VisualStudioVersion = 17.6.33717.318
MinimumVisualStudioVersion = 10.0.40219.1
Project("{FAE04EC0-301F-11D3-BF4B-00C04F79EFBC}") = "NetCoreGRPCChattingRoomForHttpsExample", "NetCoreGRPCChattingRoomForHttpsExample.csproj", "{9F15F3B7-7A26-463B-80EC-CB8388DDB559}"
EndProject
Project("{FAE04EC0-301F-11D3-BF4B-00C04F79EFBC}") = "HttpsGrpcConnetionTest", "HttpsGrpcConnetionTest\HttpsGrpcConnetionTest.csproj", "{C03B1280-5CC5-4938-AC44-538E4AC0A6C3}"
EndProject
Global
	GlobalSection(SolutionConfigurationPlatforms) = preSolution
		Debug|Any CPU = Debug|Any CPU
		Release|Any CPU = Release|Any CPU
	EndGlobalSection
	GlobalSection(ProjectConfigurationPlatforms) = postSolution
		{9F15F3B7-7A26-463B-80EC-CB8388DDB559}.Debug|Any CPU.ActiveCfg = Debug|Any CPU
		{9F15F3B7-7A26-463B-80EC-CB8388DDB559}.Debug|Any CPU.Build.0 = Debug|Any CPU
		{9F15F3B7-7A26-463B-80EC-CB8388DDB559}.Release|Any CPU.ActiveCfg = Release|Any CPU
		{9F15F3B7-7A26-463B-80EC-CB8388DDB559}.Release|Any CPU.Build.0 = Release|Any CPU
		{C03B1280-5CC5-4938-AC44-538E4AC0A6C3}.Debug|Any CPU.ActiveCfg = Debug|Any CPU
		{C03B1280-5CC5-4938-AC44-538E4AC0A6C3}.Debug|Any CPU.Build.0 = Debug|Any CPU
		{C03B1280-5CC5-4938-AC44-538E4AC0A6C3}.Release|Any CPU.ActiveCfg = Release|Any CPU
		{C03B1280-5CC5-4938-AC44-538E4AC0A6C3}.Release|Any CPU.Build.0 = Release|Any CPU
	EndGlobalSection
	GlobalSection(SolutionProperties) = preSolution
		HideSolutionNode = FALSE
	EndGlobalSection
	GlobalSection(ExtensibilityGlobals) = postSolution
		SolutionGuid = {09AA3125-FACC-4DF1-925D-4A5338FE8294}
	EndGlobalSection
EndGlobal
