
Microsoft Visual Studio Solution File, Format Version 12.00
# Visual Studio Version 17
VisualStudioVersion = 17.11.35327.3
MinimumVisualStudioVersion = 10.0.40219.1
Project("{FAE04EC0-301F-11D3-BF4B-00C04F79EFBC}") = "KafkaMultiMasterServerExample", "KafkaMultiMasterServerExample.csproj", "{53DE6DAF-D9E5-4852-8E9C-7F315C89A6F8}"
EndProject
Project("{9A19103F-16F7-4668-BE54-9A1E7A4F7556}") = "KafkaAspCoreWebExample", "..\KafkaAspCoreWebExample\KafkaAspCoreWebExample.csproj", "{B51C0AEA-817F-4624-BD61-3352BB447000}"
EndProject
Global
	GlobalSection(SolutionConfigurationPlatforms) = preSolution
		Debug|Any CPU = Debug|Any CPU
		Release|Any CPU = Release|Any CPU
	EndGlobalSection
	GlobalSection(ProjectConfigurationPlatforms) = postSolution
		{53DE6DAF-D9E5-4852-8E9C-7F315C89A6F8}.Debug|Any CPU.ActiveCfg = Debug|Any CPU
		{53DE6DAF-D9E5-4852-8E9C-7F315C89A6F8}.Debug|Any CPU.Build.0 = Debug|Any CPU
		{53DE6DAF-D9E5-4852-8E9C-7F315C89A6F8}.Release|Any CPU.ActiveCfg = Release|Any CPU
		{53DE6DAF-D9E5-4852-8E9C-7F315C89A6F8}.Release|Any CPU.Build.0 = Release|Any CPU
		{B51C0AEA-817F-4624-BD61-3352BB447000}.Debug|Any CPU.ActiveCfg = Debug|Any CPU
		{B51C0AEA-817F-4624-BD61-3352BB447000}.Debug|Any CPU.Build.0 = Debug|Any CPU
		{B51C0AEA-817F-4624-BD61-3352BB447000}.Release|Any CPU.ActiveCfg = Release|Any CPU
		{B51C0AEA-817F-4624-BD61-3352BB447000}.Release|Any CPU.Build.0 = Release|Any CPU
	EndGlobalSection
	GlobalSection(SolutionProperties) = preSolution
		HideSolutionNode = FALSE
	EndGlobalSection
	GlobalSection(ExtensibilityGlobals) = postSolution
		SolutionGuid = {A031899F-837B-4DCC-BE89-F777A7886A78}
	EndGlobalSection
EndGlobal
