
Microsoft Visual Studio Solution File, Format Version 12.00
# Visual Studio Version 17
VisualStudioVersion = 17.10.35013.160
MinimumVisualStudioVersion = 10.0.40219.1
Project("{FAE04EC0-301F-11D3-BF4B-00C04F79EFBC}") = "RedisProducerAndComsumerForListExample", "RedisProducerAndComsumerForListExample.csproj", "{A4686578-CF4B-4916-8A69-C2A7D78590E5}"
EndProject
Global
	GlobalSection(SolutionConfigurationPlatforms) = preSolution
		Debug|Any CPU = Debug|Any CPU
		Release|Any CPU = Release|Any CPU
	EndGlobalSection
	GlobalSection(ProjectConfigurationPlatforms) = postSolution
		{A4686578-CF4B-4916-8A69-C2A7D78590E5}.Debug|Any CPU.ActiveCfg = Debug|Any CPU
		{A4686578-CF4B-4916-8A69-C2A7D78590E5}.Debug|Any CPU.Build.0 = Debug|Any CPU
		{A4686578-CF4B-4916-8A69-C2A7D78590E5}.Release|Any CPU.ActiveCfg = Release|Any CPU
		{A4686578-CF4B-4916-8A69-C2A7D78590E5}.Release|Any CPU.Build.0 = Release|Any CPU
	EndGlobalSection
	GlobalSection(SolutionProperties) = preSolution
		HideSolutionNode = FALSE
	EndGlobalSection
	GlobalSection(ExtensibilityGlobals) = postSolution
		SolutionGuid = {E46BC2E5-08C2-4351-9363-73DE057A45A5}
	EndGlobalSection
EndGlobal
