
Microsoft Visual Studio Solution File, Format Version 12.00
# Visual Studio Version 17
VisualStudioVersion = 17.9.34728.123
MinimumVisualStudioVersion = 10.0.40219.1
Project("{FAE04EC0-301F-11D3-BF4B-00C04F79EFBC}") = "RedisConnectionExample", "RedisConnectionExample.csproj", "{D6EB903B-87CF-478F-B170-DC32E5BFC2A1}"
EndProject
Global
	GlobalSection(SolutionConfigurationPlatforms) = preSolution
		Debug|Any CPU = Debug|Any CPU
		Release|Any CPU = Release|Any CPU
	EndGlobalSection
	GlobalSection(ProjectConfigurationPlatforms) = postSolution
		{D6EB903B-87CF-478F-B170-DC32E5BFC2A1}.Debug|Any CPU.ActiveCfg = Debug|Any CPU
		{D6EB903B-87CF-478F-B170-DC32E5BFC2A1}.Debug|Any CPU.Build.0 = Debug|Any CPU
		{D6EB903B-87CF-478F-B170-DC32E5BFC2A1}.Release|Any CPU.ActiveCfg = Release|Any CPU
		{D6EB903B-87CF-478F-B170-DC32E5BFC2A1}.Release|Any CPU.Build.0 = Release|Any CPU
	EndGlobalSection
	GlobalSection(SolutionProperties) = preSolution
		HideSolutionNode = FALSE
	EndGlobalSection
	GlobalSection(ExtensibilityGlobals) = postSolution
		SolutionGuid = {5992EC01-E940-4E6B-A99A-D045DBFAAE90}
	EndGlobalSection
EndGlobal
