
Microsoft Visual Studio Solution File, Format Version 12.00
# Visual Studio Version 17
VisualStudioVersion = 17.11.35327.3
MinimumVisualStudioVersion = 10.0.40219.1
Project("{9A19103F-16F7-4668-BE54-9A1E7A4F7556}") = "ZeroDowntimeDeploymentForDockerWebsiteExample", "ZeroDowntimeDeploymentForDockerWebsiteExample.csproj", "{C1F738BF-4615-4E9F-8D76-62D6E3B626C6}"
EndProject
Global
	GlobalSection(SolutionConfigurationPlatforms) = preSolution
		Debug|Any CPU = Debug|Any CPU
		Release|Any CPU = Release|Any CPU
	EndGlobalSection
	GlobalSection(ProjectConfigurationPlatforms) = postSolution
		{C1F738BF-4615-4E9F-8D76-62D6E3B626C6}.Debug|Any CPU.ActiveCfg = Debug|Any CPU
		{C1F738BF-4615-4E9F-8D76-62D6E3B626C6}.Debug|Any CPU.Build.0 = Debug|Any CPU
		{C1F738BF-4615-4E9F-8D76-62D6E3B626C6}.Release|Any CPU.ActiveCfg = Release|Any CPU
		{C1F738BF-4615-4E9F-8D76-62D6E3B626C6}.Release|Any CPU.Build.0 = Release|Any CPU
	EndGlobalSection
	GlobalSection(SolutionProperties) = preSolution
		HideSolutionNode = FALSE
	EndGlobalSection
	GlobalSection(ExtensibilityGlobals) = postSolution
		SolutionGuid = {6A467988-9702-4C4D-BD80-EB2A2BADF546}
	EndGlobalSection
EndGlobal
