
Microsoft Visual Studio Solution File, Format Version 12.00
# Visual Studio Version 17
VisualStudioVersion = 17.9.34607.119
MinimumVisualStudioVersion = 10.0.40219.1
Project("{FAE04EC0-301F-11D3-BF4B-00C04F79EFBC}") = "RedisLuaExample", "RedisLuaExample.csproj", "{FBBDC696-BC51-4647-B4AD-A94A95F9107B}"
EndProject
Global
	GlobalSection(SolutionConfigurationPlatforms) = preSolution
		Debug|Any CPU = Debug|Any CPU
		Release|Any CPU = Release|Any CPU
	EndGlobalSection
	GlobalSection(ProjectConfigurationPlatforms) = postSolution
		{FBBDC696-BC51-4647-B4AD-A94A95F9107B}.Debug|Any CPU.ActiveCfg = Debug|Any CPU
		{FBBDC696-BC51-4647-B4AD-A94A95F9107B}.Debug|Any CPU.Build.0 = Debug|Any CPU
		{FBBDC696-BC51-4647-B4AD-A94A95F9107B}.Release|Any CPU.ActiveCfg = Release|Any CPU
		{FBBDC696-BC51-4647-B4AD-A94A95F9107B}.Release|Any CPU.Build.0 = Release|Any CPU
	EndGlobalSection
	GlobalSection(SolutionProperties) = preSolution
		HideSolutionNode = FALSE
	EndGlobalSection
	GlobalSection(ExtensibilityGlobals) = postSolution
		SolutionGuid = {59392766-3406-4993-825F-8030F31E55CB}
	EndGlobalSection
EndGlobal
