
Microsoft Visual Studio Solution File, Format Version 12.00
# Visual Studio Version 17
VisualStudioVersion = 17.11.35327.3
MinimumVisualStudioVersion = 10.0.40219.1
Project("{FAE04EC0-301F-11D3-BF4B-00C04F79EFBC}") = "NethereumUtilLibraryIntroduce_4_2_9_Example", "NethereumUtilLibraryIntroduce_4_2_9_Example.csproj", "{F9E92CDA-A929-439B-99A1-98B162C008BB}"
EndProject
Global
	GlobalSection(SolutionConfigurationPlatforms) = preSolution
		Debug|Any CPU = Debug|Any CPU
		Release|Any CPU = Release|Any CPU
	EndGlobalSection
	GlobalSection(ProjectConfigurationPlatforms) = postSolution
		{F9E92CDA-A929-439B-99A1-98B162C008BB}.Debug|Any CPU.ActiveCfg = Debug|Any CPU
		{F9E92CDA-A929-439B-99A1-98B162C008BB}.Debug|Any CPU.Build.0 = Debug|Any CPU
		{F9E92CDA-A929-439B-99A1-98B162C008BB}.Release|Any CPU.ActiveCfg = Release|Any CPU
		{F9E92CDA-A929-439B-99A1-98B162C008BB}.Release|Any CPU.Build.0 = Release|Any CPU
	EndGlobalSection
	GlobalSection(SolutionProperties) = preSolution
		HideSolutionNode = FALSE
	EndGlobalSection
	GlobalSection(ExtensibilityGlobals) = postSolution
		SolutionGuid = {5F46C4C3-CEF0-46F0-B428-03CE4CA499CD}
	EndGlobalSection
EndGlobal
