
Microsoft Visual Studio Solution File, Format Version 12.00
# Visual Studio Version 16
VisualStudioVersion = 16.0.30204.135
MinimumVisualStudioVersion = 10.0.40219.1
Project("{FAE04EC0-301F-11D3-BF4B-00C04F79EFBC}") = "IsAjaxRequestExample", "IsAjaxRequestExample\IsAjaxRequestExample.csproj", "{1316BAA4-6787-49E1-91BF-5473610D5C7D}"
EndProject
Global
	GlobalSection(SolutionConfigurationPlatforms) = preSolution
		Debug|Any CPU = Debug|Any CPU
		Release|Any CPU = Release|Any CPU
	EndGlobalSection
	GlobalSection(ProjectConfigurationPlatforms) = postSolution
		{1316BAA4-6787-49E1-91BF-5473610D5C7D}.Debug|Any CPU.ActiveCfg = Debug|Any CPU
		{1316BAA4-6787-49E1-91BF-5473610D5C7D}.Debug|Any CPU.Build.0 = Debug|Any CPU
		{1316BAA4-6787-49E1-91BF-5473610D5C7D}.Release|Any CPU.ActiveCfg = Release|Any CPU
		{1316BAA4-6787-49E1-91BF-5473610D5C7D}.Release|Any CPU.Build.0 = Release|Any CPU
	EndGlobalSection
	GlobalSection(SolutionProperties) = preSolution
		HideSolutionNode = FALSE
	EndGlobalSection
	GlobalSection(ExtensibilityGlobals) = postSolution
		SolutionGuid = {0827B9F5-6939-45FC-A289-519DD5D79C12}
	EndGlobalSection
EndGlobal
