
Microsoft Visual Studio Solution File, Format Version 12.00
# Visual Studio Version 17
VisualStudioVersion = 17.1.32210.238
MinimumVisualStudioVersion = 10.0.40219.1
Project("{FAE04EC0-301F-11D3-BF4B-00C04F79EFBC}") = "WebApplicationTryCaheGlobalExample", "WebApplicationTryCaheGlobalExample\WebApplicationTryCaheGlobalExample.csproj", "{7E58571E-DDAC-46C6-964D-E50388422EE7}"
EndProject
Global
	GlobalSection(SolutionConfigurationPlatforms) = preSolution
		Debug|Any CPU = Debug|Any CPU
		Release|Any CPU = Release|Any CPU
	EndGlobalSection
	GlobalSection(ProjectConfigurationPlatforms) = postSolution
		{7E58571E-DDAC-46C6-964D-E50388422EE7}.Debug|Any CPU.ActiveCfg = Debug|Any CPU
		{7E58571E-DDAC-46C6-964D-E50388422EE7}.Debug|Any CPU.Build.0 = Debug|Any CPU
		{7E58571E-DDAC-46C6-964D-E50388422EE7}.Release|Any CPU.ActiveCfg = Release|Any CPU
		{7E58571E-DDAC-46C6-964D-E50388422EE7}.Release|Any CPU.Build.0 = Release|Any CPU
	EndGlobalSection
	GlobalSection(SolutionProperties) = preSolution
		HideSolutionNode = FALSE
	EndGlobalSection
	GlobalSection(ExtensibilityGlobals) = postSolution
		SolutionGuid = {E47B51E8-2C0B-40B0-AF0F-45809BC9D336}
	EndGlobalSection
EndGlobal
