
Microsoft Visual Studio Solution File, Format Version 12.00
# Visual Studio Version 17
VisualStudioVersion = 17.1.32210.238
MinimumVisualStudioVersion = 10.0.40219.1
Project("{9A19103F-16F7-4668-BE54-9A1E7A4F7556}") = "NetCoreGRPCChattingRoomExample", "NetCoreGRPCChattingRoomExample.csproj", "{4A8F534F-551B-48E7-8867-3AF08B7FFDB2}"
EndProject
Project("{FAE04EC0-301F-11D3-BF4B-00C04F79EFBC}") = "NetCoreGRPCChattingRoomTestConsoleExample", "NetCoreGRPCChattingRoomTestConsoleExample\NetCoreGRPCChattingRoomTestConsoleExample.csproj", "{1A81B016-1B44-42C8-85A7-4828A3752665}"
EndProject
Global
	GlobalSection(SolutionConfigurationPlatforms) = preSolution
		Debug|Any CPU = Debug|Any CPU
		Release|Any CPU = Release|Any CPU
	EndGlobalSection
	GlobalSection(ProjectConfigurationPlatforms) = postSolution
		{4A8F534F-551B-48E7-8867-3AF08B7FFDB2}.Debug|Any CPU.ActiveCfg = Debug|Any CPU
		{4A8F534F-551B-48E7-8867-3AF08B7FFDB2}.Debug|Any CPU.Build.0 = Debug|Any CPU
		{4A8F534F-551B-48E7-8867-3AF08B7FFDB2}.Release|Any CPU.ActiveCfg = Release|Any CPU
		{4A8F534F-551B-48E7-8867-3AF08B7FFDB2}.Release|Any CPU.Build.0 = Release|Any CPU
		{1A81B016-1B44-42C8-85A7-4828A3752665}.Debug|Any CPU.ActiveCfg = Debug|Any CPU
		{1A81B016-1B44-42C8-85A7-4828A3752665}.Debug|Any CPU.Build.0 = Debug|Any CPU
		{1A81B016-1B44-42C8-85A7-4828A3752665}.Release|Any CPU.ActiveCfg = Release|Any CPU
		{1A81B016-1B44-42C8-85A7-4828A3752665}.Release|Any CPU.Build.0 = Release|Any CPU
	EndGlobalSection
	GlobalSection(SolutionProperties) = preSolution
		HideSolutionNode = FALSE
	EndGlobalSection
	GlobalSection(ExtensibilityGlobals) = postSolution
		SolutionGuid = {985D4BC1-99A1-43FD-B87D-E062C2037F11}
	EndGlobalSection
EndGlobal
