
Microsoft Visual Studio Solution File, Format Version 12.00
# Visual Studio Version 17
VisualStudioVersion = 17.1.32210.238
MinimumVisualStudioVersion = 10.0.40219.1
Project("{FAE04EC0-301F-11D3-BF4B-00C04F79EFBC}") = "SingalRWebsiteUseRabbitMQSignalRServiceBackPlateExample", "SingalRWebsiteUseRabbitMQSignalRServiceBackPlateExample.csproj", "{CEE2BAEC-D9E5-4C13-AE09-89DE5DCF5304}"
EndProject
Global
	GlobalSection(SolutionConfigurationPlatforms) = preSolution
		Debug|Any CPU = Debug|Any CPU
		Release|Any CPU = Release|Any CPU
	EndGlobalSection
	GlobalSection(ProjectConfigurationPlatforms) = postSolution
		{CEE2BAEC-D9E5-4C13-AE09-89DE5DCF5304}.Debug|Any CPU.ActiveCfg = Debug|Any CPU
		{CEE2BAEC-D9E5-4C13-AE09-89DE5DCF5304}.Debug|Any CPU.Build.0 = Debug|Any CPU
		{CEE2BAEC-D9E5-4C13-AE09-89DE5DCF5304}.Release|Any CPU.ActiveCfg = Release|Any CPU
		{CEE2BAEC-D9E5-4C13-AE09-89DE5DCF5304}.Release|Any CPU.Build.0 = Release|Any CPU
	EndGlobalSection
	GlobalSection(SolutionProperties) = preSolution
		HideSolutionNode = FALSE
	EndGlobalSection
	GlobalSection(ExtensibilityGlobals) = postSolution
		SolutionGuid = {CC499184-A7DD-46D7-BC6B-C58C375BDA50}
	EndGlobalSection
EndGlobal
