
Microsoft Visual Studio Solution File, Format Version 12.00
# Visual Studio Version 17
VisualStudioVersion = 17.10.35013.160
MinimumVisualStudioVersion = 10.0.40219.1
Project("{FAE04EC0-301F-11D3-BF4B-00C04F79EFBC}") = "GoogleCloudStorageSupportS3APIExample", "GoogleCloudStorageSupportS3APIExample.csproj", "{61BA347F-9182-45BF-9CB2-CEE0A859F195}"
EndProject
Global
	GlobalSection(SolutionConfigurationPlatforms) = preSolution
		Debug|Any CPU = Debug|Any CPU
		Release|Any CPU = Release|Any CPU
	EndGlobalSection
	GlobalSection(ProjectConfigurationPlatforms) = postSolution
		{61BA347F-9182-45BF-9CB2-CEE0A859F195}.Debug|Any CPU.ActiveCfg = Debug|Any CPU
		{61BA347F-9182-45BF-9CB2-CEE0A859F195}.Debug|Any CPU.Build.0 = Debug|Any CPU
		{61BA347F-9182-45BF-9CB2-CEE0A859F195}.Release|Any CPU.ActiveCfg = Release|Any CPU
		{61BA347F-9182-45BF-9CB2-CEE0A859F195}.Release|Any CPU.Build.0 = Release|Any CPU
	EndGlobalSection
	GlobalSection(SolutionProperties) = preSolution
		HideSolutionNode = FALSE
	EndGlobalSection
	GlobalSection(ExtensibilityGlobals) = postSolution
		SolutionGuid = {0BA2BC2D-801A-496A-9FCD-CBA3DB3B25D9}
	EndGlobalSection
EndGlobal
